// !$*UTF8*$!
{
	archiveVersion = 1;
	classes = {
	};
	objectVersion = 46;
	objects = {

/* Begin PBXBuildFile section */
		9260DE9521BF9F2200DC69A8 /* AppDelegate.swift in Sources */ = {isa = PBXBuildFile; fileRef = 9260DE9421BF9F2200DC69A8 /* AppDelegate.swift */; };
		9260DE9721BF9F2200DC69A8 /* ViewController.swift in Sources */ = {isa = PBXBuildFile; fileRef = 9260DE9621BF9F2200DC69A8 /* ViewController.swift */; };
		9260DE9A21BF9F2200DC69A8 /* Main.storyboard in Resources */ = {isa = PBXBuildFile; fileRef = 9260DE9821BF9F2200DC69A8 /* Main.storyboard */; };
		9260DE9C21BF9F2200DC69A8 /* Assets.xcassets in Resources */ = {isa = PBXBuildFile; fileRef = 9260DE9B21BF9F2200DC69A8 /* Assets.xcassets */; };
		9260DE9F21BF9F2200DC69A8 /* LaunchScreen.storyboard in Resources */ = {isa = PBXBuildFile; fileRef = 9260DE9D21BF9F2200DC69A8 /* LaunchScreen.storyboard */; };
/* End PBXBuildFile section */

/* Begin PBXFileReference section */
		9260DE9121BF9F2200DC69A8 /* Tipulator.app */ = {isa = PBXFileReference; explicitFileType = wrapper.application; includeInIndex = 0; path = Tipulator.app; sourceTree = BUILT_PRODUCTS_DIR; };
		9260DE9421BF9F2200DC69A8 /* AppDelegate.swift */ = {isa = PBXFileReference; lastKnownFileType = sourcecode.swift; path = AppDelegate.swift; sourceTree = "<group>"; };
		9260DE9621BF9F2200DC69A8 /* ViewController.swift */ = {isa = PBXFileReference; lastKnownFileType = sourcecode.swift; path = ViewController.swift; sourceTree = "<group>"; };
		9260DE9921BF9F2200DC69A8 /* Base */ = {isa = PBXFileReference; lastKnownFileType = file.storyboard; name = Base; path = Base.lproj/Main.storyboard; sourceTree = "<group>"; };
		9260DE9B21BF9F2200DC69A8 /* Assets.xcassets */ = {isa = PBXFileReference; lastKnownFileType = folder.assetcatalog; path = Assets.xcassets; sourceTree = "<group>"; };
		9260DE9E21BF9F2200DC69A8 /* Base */ = {isa = PBXFileReference; lastKnownFileType = file.storyboard; name = Base; path = Base.lproj/LaunchScreen.storyboard; sourceTree = "<group>"; };
		9260DEA021BF9F2200DC69A8 /* Info.plist */ = {isa = PBXFileReference; lastKnownFileType = text.plist.xml; path = Info.plist; sourceTree = "<group>"; };
/* End PBXFileReference section */

/* Begin PBXFrameworksBuildPhase section */
		9260DE8E21BF9F2200DC69A8 /* Frameworks */ = {
			isa = PBXFrameworksBuildPhase;
			buildActionMask = 2147483647;
			files = (
			);
			runOnlyForDeploymentPostprocessing = 0;
		};
/* End PBXFrameworksBuildPhase section */

/* Begin PBXGroup section */
		9260DE8821BF9F2200DC69A8 = {
			isa = PBXGroup;
			children = (
				9260DE9321BF9F2200DC69A8 /* Tipulator */,
				9260DE9221BF9F2200DC69A8 /* Products */,
			);
			sourceTree = "<group>";
		};
		9260DE9221BF9F2200DC69A8 /* Products */ = {
			isa = PBXGroup;
			children = (
				9260DE9121BF9F2200DC69A8 /* Tipulator.app */,
			);
			name = Products;
			sourceTree = "<group>";
		};
		9260DE9321BF9F2200DC69A8 /* Tipulator */ = {
			isa = PBXGroup;
			children = (
				9260DEA621BF9F3300DC69A8 /* support */,
				9260DE9621BF9F2200DC69A8 /* ViewController.swift */,
				9260DE9821BF9F2200DC69A8 /* Main.storyboard */,
			);
			path = Tipulator;
			sourceTree = "<group>";
		};
		9260DEA621BF9F3300DC69A8 /* support */ = {
			isa = PBXGroup;
			children = (
				9260DE9421BF9F2200DC69A8 /* AppDelegate.swift */,
				9260DE9B21BF9F2200DC69A8 /* Assets.xcassets */,
				9260DE9D21BF9F2200DC69A8 /* LaunchScreen.storyboard */,
				9260DEA021BF9F2200DC69A8 /* Info.plist */,
			);
			name = support;
			sourceTree = "<group>";
		};
/* End PBXGroup section */

/* Begin PBXNativeTarget section */
		9260DE9021BF9F2200DC69A8 /* Tipulator */ = {
			isa = PBXNativeTarget;
			buildConfigurationList = 9260DEA321BF9F2200DC69A8 /* Build configuration list for PBXNativeTarget "Tipulator" */;
			buildPhases = (
				9260DE8D21BF9F2200DC69A8 /* Sources */,
				9260DE8E21BF9F2200DC69A8 /* Frameworks */,
				9260DE8F21BF9F2200DC69A8 /* Resources */,
			);
			buildRules = (
			);
			dependencies = (
			);
			name = Tipulator;
			productName = Tipulator;
			productReference = 9260DE9121BF9F2200DC69A8 /* Tipulator.app */;
			productType = "com.apple.product-type.application";
		};
/* End PBXNativeTarget section */

/* Begin PBXProject section */
		9260DE8921BF9F2200DC69A8 /* Project object */ = {
			isa = PBXProject;
			attributes = {
				LastSwiftUpdateCheck = 0830;
				LastUpgradeCheck = 0830;
				ORGANIZATIONNAME = "Salvador Rodriguez";
				TargetAttributes = {
					9260DE9021BF9F2200DC69A8 = {
						CreatedOnToolsVersion = 8.3.3;
						DevelopmentTeam = T6RX2NT5R3;
						ProvisioningStyle = Automatic;
					};
				};
			};
			buildConfigurationList = 9260DE8C21BF9F2200DC69A8 /* Build configuration list for PBXProject "Tipulator" */;
			compatibilityVersion = "Xcode 3.2";
			developmentRegion = English;
			hasScannedForEncodings = 0;
			knownRegions = (
				en,
				Base,
			);
			mainGroup = 9260DE8821BF9F2200DC69A8;
			productRefGroup = 9260DE9221BF9F2200DC69A8 /* Products */;
			projectDirPath = "";
			projectRoot = "";
			targets = (
				9260DE9021BF9F2200DC69A8 /* Tipulator */,
			);
		};
/* End PBXProject section */

/* Begin PBXResourcesBuildPhase section */
		9260DE8F21BF9F2200DC69A8 /* Resources */ = {
			isa = PBXResourcesBuildPhase;
			buildActionMask = 2147483647;
			files = (
				9260DE9F21BF9F2200DC69A8 /* LaunchScreen.storyboard in Resources */,
				9260DE9C21BF9F2200DC69A8 /* Assets.xcassets in Resources */,
				9260DE9A21BF9F2200DC69A8 /* Main.storyboard in Resources */,
			);
			runOnlyForDeploymentPostprocessing = 0;
		};
/* End PBXResourcesBuildPhase section */

/* Begin PBXSourcesBuildPhase section */
		9260DE8D21BF9F2200DC69A8 /* Sources */ = {
			isa = PBXSourcesBuildPhase;
			buildActionMask = 2147483647;
			files = (
				9260DE9721BF9F2200DC69A8 /* ViewController.swift in Sources */,
				9260DE9521BF9F2200DC69A8 /* AppDelegate.swift in Sources */,
			);
			runOnlyForDeploymentPostprocessing = 0;
		};
/* End PBXSourcesBuildPhase section */

/* Begin PBXVariantGroup section */
		9260DE9821BF9F2200DC69A8 /* Main.storyboard */ = {
			isa = PBXVariantGroup;
			children = (
				9260DE9921BF9F2200DC69A8 /* Base */,
			);
			name = Main.storyboard;
			sourceTree = "<group>";
		};
		9260DE9D21BF9F2200DC69A8 /* LaunchScreen.storyboard */ = {
			isa = PBXVariantGroup;
			children = (
				9260DE9E21BF9F2200DC69A8 /* Base */,
			);
			name = LaunchScreen.storyboard;
			sourceTree = "<group>";
		};
/* End PBXVariantGroup section */

/* Begin XCBuildConfiguration section */
		9260DEA121BF9F2200DC69A8 /* Debug */ = {
			isa = XCBuildConfiguration;
			buildSettings = {
				ALWAYS_SEARCH_USER_PATHS = NO;
				CLANG_ANALYZER_NONNULL = YES;
				CLANG_ANALYZER_NUMBER_OBJECT_CONVERSION = YES_AGGRESSIVE;
				CLANG_CXX_LANGUAGE_STANDARD = "gnu++0x";
				CLANG_CXX_LIBRARY = "libc++";
				CLANG_ENABLE_MODULES = YES;
				CLANG_ENABLE_OBJC_ARC = YES;
				CLANG_WARN_BOOL_CONVERSION = YES;
				CLANG_WARN_CONSTANT_CONVERSION = YES;
				CLANG_WARN_DIRECT_OBJC_ISA_USAGE = YES_ERROR;
				CLANG_WARN_DOCUMENTATION_COMMENTS = YES;
				CLANG_WARN_EMPTY_BODY = YES;
				CLANG_WARN_ENUM_CONVERSION = YES;
				CLANG_WARN_INFINITE_RECURSION = YES;
				CLANG_WARN_INT_CONVERSION = YES;
				CLANG_WARN_OBJC_ROOT_CLASS = YES_ERROR;
				CLANG_WARN_SUSPICIOUS_MOVE = YES;
				CLANG_WARN_UNREACHABLE_CODE = YES;
				CLANG_WARN__DUPLICATE_METHOD_MATCH = YES;
				"CODE_SIGN_IDENTITY[sdk=iphoneos*]" = "iPhone Developer";
				COPY_PHASE_STRIP = NO;
				DEBUG_INFORMATION_FORMAT = dwarf;
				ENABLE_STRICT_OBJC_MSGSEND = YES;
				ENABLE_TESTABILITY = YES;
				GCC_C_LANGUAGE_STANDARD = gnu99;
				GCC_DYNAMIC_NO_PIC = NO;
				GCC_NO_COMMON_BLOCKS = YES;
				GCC_OPTIMIZATION_LEVEL = 0;
				GCC_PREPROCESSOR_DEFINITIONS = (
					"DEBUG=1",
					"$(inherited)",
				);
				GCC_WARN_64_TO_32_BIT_CONVERSION = YES;
				GCC_WARN_ABOUT_RETURN_TYPE = YES_ERROR;
				GCC_WARN_UNDECLARED_SELECTOR = YES;
				GCC_WARN_UNINITIALIZED_AUTOS = YES_AGGRESSIVE;
				GCC_WARN_UNUSED_FUNCTION = YES;
				GCC_WARN_UNUSED_VARIABLE = YES;
				IPHONEOS_DEPLOYMENT_TARGET = 10.3;
				MTL_ENABLE_DEBUG_INFO = YES;
				ONLY_ACTIVE_ARCH = YES;
				SDKROOT = iphoneos;
				SWIFT_ACTIVE_COMPILATION_CONDITIONS = DEBUG;
				SWIFT_OPTIMIZATION_LEVEL = "-Onone";
			};
			name = Debug;
		};
		9260DEA221BF9F2200DC69A8 /* Release */ = {
			isa = XCBuildConfiguration;
			buildSettings = {
				ALWAYS_SEARCH_USER_PATHS = NO;
				CLANG_ANALYZER_NONNULL = YES;
				CLANG_ANALYZER_NUMBER_OBJECT_CONVERSION = YES_AGGRESSIVE;
				CLANG_CXX_LANGUAGE_STANDARD = "gnu++0x";
				CLANG_CXX_LIBRARY = "libc++";
				CLANG_ENABLE_MODULES = YES;
				CLANG_ENABLE_OBJC_ARC = YES;
				CLANG_WARN_BOOL_CONVERSION = YES;
				CLANG_WARN_CONSTANT_CONVERSION = YES;
				CLANG_WARN_DIRECT_OBJC_ISA_USAGE = YES_ERROR;
				CLANG_WARN_DOCUMENTATION_COMMENTS = YES;
				CLANG_WARN_EMPTY_BODY = YES;
				CLANG_WARN_ENUM_CONVERSION = YES;
				CLANG_WARN_INFINITE_RECURSION = YES;
				CLANG_WARN_INT_CONVERSION = YES;
				CLANG_WARN_OBJC_ROOT_CLASS = YES_ERROR;
				CLANG_WARN_SUSPICIOUS_MOVE = YES;
				CLANG_WARN_UNREACHABLE_CODE = YES;
				CLANG_WARN__DUPLICATE_METHOD_MATCH = YES;
				"CODE_SIGN_IDENTITY[sdk=iphoneos*]" = "iPhone Developer";
				COPY_PHASE_STRIP = NO;
				DEBUG_INFORMATION_FORMAT = "dwarf-with-dsym";
				ENABLE_NS_ASSERTIONS = NO;
				ENABLE_STRICT_OBJC_MSGSEND = YES;
				GCC_C_LANGUAGE_STANDARD = gnu99;
				GCC_NO_COMMON_BLOCKS = YES;
				GCC_WARN_64_TO_32_BIT_CONVERSION = YES;
				GCC_WARN_ABOUT_RETURN_TYPE = YES_ERROR;
				GCC_WARN_UNDECLARED_SELECTOR = YES;
				GCC_WARN_UNINITIALIZED_AUTOS = YES_AGGRESSIVE;
				GCC_WARN_UNUSED_FUNCTION = YES;
				GCC_WARN_UNUSED_VARIABLE = YES;
				IPHONEOS_DEPLOYMENT_TARGET = 10.3;
				MTL_ENABLE_DEBUG_INFO = NO;
				SDKROOT = iphoneos;
				SWIFT_OPTIMIZATION_LEVEL = "-Owholemodule";
				VALIDATE_PRODUCT = YES;
			};
			name = Release;
		};
		9260DEA421BF9F2200DC69A8 /* Debug */ = {
			isa = XCBuildConfiguration;
			buildSettings = {
				ASSETCATALOG_COMPILER_APPICON_NAME = AppIcon;
				DEVELOPMENT_TEAM = T6RX2NT5R3;
				INFOPLIST_FILE = Tipulator/Info.plist;
				LD_RUNPATH_SEARCH_PATHS = "$(inherited) @executable_path/Frameworks";
				PRODUCT_BUNDLE_IDENTIFIER = edu.sjsu.salvador.rodriguez01.009252542.Tipulator;
				PRODUCT_NAME = "$(TARGET_NAME)";
				SWIFT_VERSION = 3.0;
			};
			name = Debug;
		};
		9260DEA521BF9F2200DC69A8 /* Release */ = {
			isa = XCBuildConfiguration;
			buildSettings = {
				ASSETCATALOG_COMPILER_APPICON_NAME = AppIcon;
				DEVELOPMENT_TEAM = T6RX2NT5R3;
				INFOPLIST_FILE = Tipulator/Info.plist;
				LD_RUNPATH_SEARCH_PATHS = "$(inherited) @executable_path/Frameworks";
				PRODUCT_BUNDLE_IDENTIFIER = edu.sjsu.salvador.rodriguez01.009252542.Tipulator;
				PRODUCT_NAME = "$(TARGET_NAME)";
				SWIFT_VERSION = 3.0;
			};
			name = Release;
		};
/* End XCBuildConfiguration section */

/* Begin XCConfigurationList section */
		9260DE8C21BF9F2200DC69A8 /* Build configuration list for PBXProject "Tipulator" */ = {
			isa = XCConfigurationList;
			buildConfigurations = (
				9260DEA121BF9F2200DC69A8 /* Debug */,
				9260DEA221BF9F2200DC69A8 /* Release */,
			);
			defaultConfigurationIsVisible = 0;
			defaultConfigurationName = Release;
		};
		9260DEA321BF9F2200DC69A8 /* Build configuration list for PBXNativeTarget "Tipulator" */ = {
			isa = XCConfigurationList;
			buildConfigurations = (
				9260DEA421BF9F2200DC69A8 /* Debug */,
				9260DEA521BF9F2200DC69A8 /* Release */,
			);
			defaultConfigurationIsVisible = 0;
		};
/* End XCConfigurationList section */
	};
	rootObject = 9260DE8921BF9F2200DC69A8 /* Project object */;
}
